
Microsoft Visual Studio Solution File, Format Version 12.00
# Visual Studio Version 17
VisualStudioVersion = 17.0.31903.59
MinimumVisualStudioVersion = 10.0.40219.1
Project("{FAE04EC0-301F-11D3-BF4B-00C04F79EFBC}") = "Astral.Scoring.Api", "Astral.Scoring.Api\Astral.Scoring.Api.csproj", "{31C7D9DA-624E-44D1-AA84-A3AF424133DA}"
EndProject
Project("{FAE04EC0-301F-11D3-BF4B-00C04F79EFBC}") = "Astral.Scoring.Tests", "Astral.Scoring.Tests\Astral.Scoring.Tests.csproj", "{EE63912B-3B62-46FD-94F3-5299F29F4F33}"
EndProject
Global
	GlobalSection(SolutionConfigurationPlatforms) = preSolution
		Debug|Any CPU = Debug|Any CPU
		Debug|x64 = Debug|x64
		Debug|x86 = Debug|x86
		Release|Any CPU = Release|Any CPU
		Release|x64 = Release|x64
		Release|x86 = Release|x86
	EndGlobalSection
	GlobalSection(ProjectConfigurationPlatforms) = postSolution
		{31C7D9DA-624E-44D1-AA84-A3AF424133DA}.Debug|Any CPU.ActiveCfg = Debug|Any CPU
		{31C7D9DA-624E-44D1-AA84-A3AF424133DA}.Debug|Any CPU.Build.0 = Debug|Any CPU
		{31C7D9DA-624E-44D1-AA84-A3AF424133DA}.Debug|x64.ActiveCfg = Debug|Any CPU
		{31C7D9DA-624E-44D1-AA84-A3AF424133DA}.Debug|x64.Build.0 = Debug|Any CPU
		{31C7D9DA-624E-44D1-AA84-A3AF424133DA}.Debug|x86.ActiveCfg = Debug|Any CPU
		{31C7D9DA-624E-44D1-AA84-A3AF424133DA}.Debug|x86.Build.0 = Debug|Any CPU
		{31C7D9DA-624E-44D1-AA84-A3AF424133DA}.Release|Any CPU.ActiveCfg = Release|Any CPU
		{31C7D9DA-624E-44D1-AA84-A3AF424133DA}.Release|Any CPU.Build.0 = Release|Any CPU
		{31C7D9DA-624E-44D1-AA84-A3AF424133DA}.Release|x64.ActiveCfg = Release|Any CPU
		{31C7D9DA-624E-44D1-AA84-A3AF424133DA}.Release|x64.Build.0 = Release|Any CPU
		{31C7D9DA-624E-44D1-AA84-A3AF424133DA}.Release|x86.ActiveCfg = Release|Any CPU
		{31C7D9DA-624E-44D1-AA84-A3AF424133DA}.Release|x86.Build.0 = Release|Any CPU
		{EE63912B-3B62-46FD-94F3-5299F29F4F33}.Debug|Any CPU.ActiveCfg = Debug|Any CPU
		{EE63912B-3B62-46FD-94F3-5299F29F4F33}.Debug|Any CPU.Build.0 = Debug|Any CPU
		{EE63912B-3B62-46FD-94F3-5299F29F4F33}.Debug|x64.ActiveCfg = Debug|Any CPU
		{EE63912B-3B62-46FD-94F3-5299F29F4F33}.Debug|x64.Build.0 = Debug|Any CPU
		{EE63912B-3B62-46FD-94F3-5299F29F4F33}.Debug|x86.ActiveCfg = Debug|Any CPU
		{EE63912B-3B62-46FD-94F3-5299F29F4F33}.Debug|x86.Build.0 = Debug|Any CPU
		{EE63912B-3B62-46FD-94F3-5299F29F4F33}.Release|Any CPU.ActiveCfg = Release|Any CPU
		{EE63912B-3B62-46FD-94F3-5299F29F4F33}.Release|Any CPU.Build.0 = Release|Any CPU
		{EE63912B-3B62-46FD-94F3-5299F29F4F33}.Release|x64.ActiveCfg = Release|Any CPU
		{EE63912B-3B62-46FD-94F3-5299F29F4F33}.Release|x64.Build.0 = Release|Any CPU
		{EE63912B-3B62-46FD-94F3-5299F29F4F33}.Release|x86.ActiveCfg = Release|Any CPU
		{EE63912B-3B62-46FD-94F3-5299F29F4F33}.Release|x86.Build.0 = Release|Any CPU
	EndGlobalSection
	GlobalSection(SolutionProperties) = preSolution
		HideSolutionNode = FALSE
	EndGlobalSection
EndGlobal
